{
  "requires": true,
  "lockfileVersion": 1,
  "dependencies": {
    "@ionic/angular": {
      "version": "6.2.2",
      "resolved": "https://registry.npmjs.org/@ionic/angular/-/angular-6.2.2.tgz",
      "integrity": "sha512-1GeFSgqYHkETNOKfJvZC0tL+8s2wEGS4P5KWOmpdqHE31THHGPZWOfkHrw871/KmFPTDYJSWhGjRYyHJZuZ/Yw==",
      "requires": {
        "@ionic/core": "^6.2.2",
        "jsonc-parser": "^3.0.0",
        "tslib": "^2.0.0"
      }
    },
    "@ionic/core": {
      "version": "6.2.2",
      "resolved": "https://registry.npmjs.org/@ionic/core/-/core-6.2.2.tgz",
      "integrity": "sha512-neE+JhtQ7Kb4nGoKR3e55edHQot5BZTw+woV9+pbyCXP1jGeyFeWWPYBYYOkm05TSEkHgh0v6NkV9y31k8GTNw==",
      "requires": {
        "@stencil/core": "^2.16.0",
        "ionicons": "^6.0.2",
        "tslib": "^2.1.0"
      }
    },
    "@stencil/core": {
      "version": "2.17.3",
      "resolved": "https://registry.npmjs.org/@stencil/core/-/core-2.17.3.tgz",
      "integrity": "sha512-qw2DZzOpyaltLLEfYRTj3n+XbvRtkmv4QQimYDJubC6jMY0NXK9r6H2+VyszdbbVmvK1D9GqZtyvY0NmOrztsg=="
    },
    "ionicons": {
      "version": "6.0.2",
      "resolved": "https://registry.npmjs.org/ionicons/-/ionicons-6.0.2.tgz",
      "integrity": "sha512-AyKfFaUKVoBz4eB8XkU7H1R5HFnVsgq5ijqSdbXC0lES9PDK/J6LUQz6XUJq0mVVQF5k9kczSPOLMW3mszG0mQ==",
      "requires": {
        "@stencil/core": "~2.16.0"
      },
      "dependencies": {
        "@stencil/core": {
          "version": "2.16.1",
          "resolved": "https://registry.npmjs.org/@stencil/core/-/core-2.16.1.tgz",
          "integrity": "sha512-s/UJp9qxExL3DyQPT70kiuWeb3AdjbUZM+5lEIXn30I2DLcLYPOPXfsoWJODieQywq+3vPiLZeIdkoqjf6jcSw=="
        }
      }
    },
    "jsonc-parser": {
      "version": "3.1.0",
      "resolved": "https://registry.npmjs.org/jsonc-parser/-/jsonc-parser-3.1.0.tgz",
      "integrity": "sha512-DRf0QjnNeCUds3xTjKlQQ3DpJD51GvDjJfnxUVWg6PZTo2otSm+slzNAxU/35hF8/oJIKoG9slq30JYOsF2azg=="
    },
    "tslib": {
      "version": "2.4.0",
      "resolved": "https://registry.npmjs.org/tslib/-/tslib-2.4.0.tgz",
      "integrity": "sha512-d6xOpEDfsi2CZVlPQzGeux8XMwLT9hssAsaPYExaQMuYskwb+x1x7J371tWlbBdWHroy99KnVB6qIkUbs5X3UQ=="
    }
  }
}
